
Microsoft Visual Studio Solution File, Format Version 12.00
# Visual Studio Version 16
VisualStudioVersion = 16.0.30104.148
MinimumVisualStudioVersion = 10.0.40219.1
Project("{FAE04EC0-301F-11D3-BF4B-00C04F79EFBC}") = "C_Masterclass_Proj", "C_Masterclass_Proj\C_Masterclass_Proj.csproj", "{B091D0FD-F2C0-4A5D-B5A1-2A054C02CB94}"
EndProject
Global
	GlobalSection(SolutionConfigurationPlatforms) = preSolution
		Debug|Any CPU = Debug|Any CPU
		Release|Any CPU = Release|Any CPU
	EndGlobalSection
	GlobalSection(ProjectConfigurationPlatforms) = postSolution
		{B091D0FD-F2C0-4A5D-B5A1-2A054C02CB94}.Debug|Any CPU.ActiveCfg = Debug|Any CPU
		{B091D0FD-F2C0-4A5D-B5A1-2A054C02CB94}.Debug|Any CPU.Build.0 = Debug|Any CPU
		{B091D0FD-F2C0-4A5D-B5A1-2A054C02CB94}.Release|Any CPU.ActiveCfg = Release|Any CPU
		{B091D0FD-F2C0-4A5D-B5A1-2A054C02CB94}.Release|Any CPU.Build.0 = Release|Any CPU
	EndGlobalSection
	GlobalSection(SolutionProperties) = preSolution
		HideSolutionNode = FALSE
	EndGlobalSection
	GlobalSection(ExtensibilityGlobals) = postSolution
		SolutionGuid = {BC00EA53-977B-464E-AEA4-BEEDBDE2984E}
	EndGlobalSection
EndGlobal
